Microsoft Visual Studio Solution File, Format Version 12.00
# Visual Studio Version 17
VisualStudioVersion = 17.5.2.0
MinimumVisualStudioVersion = 10.0.40219.1
Project("{FAE04EC0-301F-11D3-BF4B-00C04F79EFBC}") = "ThesisBackendAPI", "ThesisBackendAPI.csproj", "{98B375C1-D96F-71F9-A26C-356BE7159183}"
EndProject
Global
	GlobalSection(SolutionConfigurationPlatforms) = preSolution
		Debug|Any CPU = Debug|Any CPU
		Release|Any CPU = Release|Any CPU
	EndGlobalSection
	GlobalSection(ProjectConfigurationPlatforms) = postSolution
		{98B375C1-D96F-71F9-A26C-356BE7159183}.Debug|Any CPU.ActiveCfg = Debug|Any CPU
		{98B375C1-D96F-71F9-A26C-356BE7159183}.Debug|Any CPU.Build.0 = Debug|Any CPU
		{98B375C1-D96F-71F9-A26C-356BE7159183}.Release|Any CPU.ActiveCfg = Release|Any CPU
		{98B375C1-D96F-71F9-A26C-356BE7159183}.Release|Any CPU.Build.0 = Release|Any CPU
	EndGlobalSection
	GlobalSection(SolutionProperties) = preSolution
		HideSolutionNode = FALSE
	EndGlobalSection
	GlobalSection(ExtensibilityGlobals) = postSolution
		SolutionGuid = {1DFF9C9E-C5DF-427B-83CC-7F5DFAEB0452}
	EndGlobalSection
EndGlobal
